// !$*UTF8*$!
{
	archiveVersion = 1;
	classes = {
	};
	objectVersion = 46;
	objects = {

/* Begin PBXBuildFile section */
		D53407C619B9DBA100639D9F /* Foundation.framework in Frameworks */ = {isa = PBXBuildFile; fileRef = D53407C519B9DBA100639D9F /* Foundation.framework */; };
		D53407C819B9DBA100639D9F /* CoreGraphics.framework in Frameworks */ = {isa = PBXBuildFile; fileRef = D53407C719B9DBA100639D9F /* CoreGraphics.framework */; };
		D53407CA19B9DBA100639D9F /* UIKit.framework in Frameworks */ = {isa = PBXBuildFile; fileRef = D53407C919B9DBA100639D9F /* UIKit.framework */; };
		D53407D019B9DBA100639D9F /* InfoPlist.strings in Resources */ = {isa = PBXBuildFile; fileRef = D53407CE19B9DBA100639D9F /* InfoPlist.strings */; };
		D53407D219B9DBA100639D9F /* main.m in Sources */ = {isa = PBXBuildFile; fileRef = D53407D119B9DBA100639D9F /* main.m */; };
		D53407D619B9DBA100639D9F /* AppDelegate.m in Sources */ = {isa = PBXBuildFile; fileRef = D53407D519B9DBA100639D9F /* AppDelegate.m */; };
		D53407D819B9DBA100639D9F /* Images.xcassets in Resources */ = {isa = PBXBuildFile; fileRef = D53407D719B9DBA100639D9F /* Images.xcassets */; };
		D53407DF19B9DBA100639D9F /* XCTest.framework in Frameworks */ = {isa = PBXBuildFile; fileRef = D53407DE19B9DBA100639D9F /* XCTest.framework */; };
		D53407E019B9DBA100639D9F /* Foundation.framework in Frameworks */ = {isa = PBXBuildFile; fileRef = D53407C519B9DBA100639D9F /* Foundation.framework */; };
		D53407E119B9DBA100639D9F /* UIKit.framework in Frameworks */ = {isa = PBXBuildFile; fileRef = D53407C919B9DBA100639D9F /* UIKit.framework */; };
		D53407E919B9DBA100639D9F /* InfoPlist.strings in Resources */ = {isa = PBXBuildFile; fileRef = D53407E719B9DBA100639D9F /* InfoPlist.strings */; };
		D53407EB19B9DBA100639D9F /* SimplzActionSheetTests.m in Sources */ = {isa = PBXBuildFile; fileRef = D53407EA19B9DBA100639D9F /* SimplzActionSheetTests.m */; };
		D53407FB19B9DC0A00639D9F /* SampleViewController.xib in Resources */ = {isa = PBXBuildFile; fileRef = D53407F919B9DC0A00639D9F /* SampleViewController.xib */; };
		D5C434F819BA054D009ED2A6 /* icon-browse-gallery@2x.png in Resources */ = {isa = PBXBuildFile; fileRef = D5C434F619BA054D009ED2A6 /* icon-browse-gallery@2x.png */; };
		D5C434F919BA054D009ED2A6 /* icon-take-picture@2x.png in Resources */ = {isa = PBXBuildFile; fileRef = D5C434F719BA054D009ED2A6 /* icon-take-picture@2x.png */; };
		D5C434FD19BA0D27009ED2A6 /* SimplzActionSheet.m in Sources */ = {isa = PBXBuildFile; fileRef = D5C434FC19BA0D27009ED2A6 /* SimplzActionSheet.m */; };
		D5C4350119BA0D51009ED2A6 /* SampleViewController.m in Sources */ = {isa = PBXBuildFile; fileRef = D5C4350019BA0D51009ED2A6 /* SampleViewController.m */; };
/* End PBXBuildFile section */

/* Begin PBXContainerItemProxy section */
		D53407E219B9DBA100639D9F /* PBXContainerItemProxy */ = {
			isa = PBXContainerItemProxy;
			containerPortal = D53407BA19B9DBA100639D9F /* Project object */;
			proxyType = 1;
			remoteGlobalIDString = D53407C119B9DBA100639D9F;
			remoteInfo = SimplzActionSheet;
		};
/* End PBXContainerItemProxy section */

/* Begin PBXFileReference section */
		D53407C219B9DBA100639D9F /* SimplzActionSheet.app */ = {isa = PBXFileReference; explicitFileType = wrapper.application; includeInIndex = 0; path = SimplzActionSheet.app; sourceTree = BUILT_PRODUCTS_DIR; };
		D53407C519B9DBA100639D9F /* Foundation.framework */ = {isa = PBXFileReference; lastKnownFileType = wrapper.framework; name = Foundation.framework; path = System/Library/Frameworks/Foundation.framework; sourceTree = SDKROOT; };
		D53407C719B9DBA100639D9F /* CoreGraphics.framework */ = {isa = PBXFileReference; lastKnownFileType = wrapper.framework; name = CoreGraphics.framework; path = System/Library/Frameworks/CoreGraphics.framework; sourceTree = SDKROOT; };
		D53407C919B9DBA100639D9F /* UIKit.framework */ = {isa = PBXFileReference; lastKnownFileType = wrapper.framework; name = UIKit.framework; path = System/Library/Frameworks/UIKit.framework; sourceTree = SDKROOT; };
		D53407CD19B9DBA100639D9F /* SimplzActionSheet-Info.plist */ = {isa = PBXFileReference; lastKnownFileType = text.plist.xml; path = "SimplzActionSheet-Info.plist"; sourceTree = "<group>"; };
		D53407CF19B9DBA100639D9F /* en */ = {isa = PBXFileReference; lastKnownFileType = text.plist.strings; name = en; path = en.lproj/InfoPlist.strings; sourceTree = "<group>"; };
		D53407D119B9DBA100639D9F /* main.m */ = {isa = PBXFileReference; lastKnownFileType = sourcecode.c.objc; path = main.m; sourceTree = "<group>"; };
		D53407D319B9DBA100639D9F /* SimplzActionSheet-Prefix.pch */ = {isa = PBXFileReference; lastKnownFileType = sourcecode.c.h; path = "SimplzActionSheet-Prefix.pch"; sourceTree = "<group>"; };
		D53407D419B9DBA100639D9F /* AppDelegate.h */ = {isa = PBXFileReference; lastKnownFileType = sourcecode.c.h; path = AppDelegate.h; sourceTree = "<group>"; };
		D53407D519B9DBA100639D9F /* AppDelegate.m */ = {isa = PBXFileReference; lastKnownFileType = sourcecode.c.objc; path = AppDelegate.m; sourceTree = "<group>"; };
		D53407D719B9DBA100639D9F /* Images.xcassets */ = {isa = PBXFileReference; lastKnownFileType = folder.assetcatalog; path = Images.xcassets; sourceTree = "<group>"; };
		D53407DD19B9DBA100639D9F /* SimplzActionSheetTests.xctest */ = {isa = PBXFileReference; explicitFileType = wrapper.cfbundle; includeInIndex = 0; path = SimplzActionSheetTests.xctest; sourceTree = BUILT_PRODUCTS_DIR; };
		D53407DE19B9DBA100639D9F /* XCTest.framework */ = {isa = PBXFileReference; lastKnownFileType = wrapper.framework; name = XCTest.framework; path = Library/Frameworks/XCTest.framework; sourceTree = DEVELOPER_DIR; };
		D53407E619B9DBA100639D9F /* SimplzActionSheetTests-Info.plist */ = {isa = PBXFileReference; lastKnownFileType = text.plist.xml; path = "SimplzActionSheetTests-Info.plist"; sourceTree = "<group>"; };
		D53407E819B9DBA100639D9F /* en */ = {isa = PBXFileReference; lastKnownFileType = text.plist.strings; name = en; path = en.lproj/InfoPlist.strings; sourceTree = "<group>"; };
		D53407EA19B9DBA100639D9F /* SimplzActionSheetTests.m */ = {isa = PBXFileReference; lastKnownFileType = sourcecode.c.objc; path = SimplzActionSheetTests.m; sourceTree = "<group>"; };
		D53407F919B9DC0A00639D9F /* SampleViewController.xib */ = {isa = PBXFileReference; fileEncoding = 4; lastKnownFileType = file.xib; name = SampleViewController.xib; path = ../SampleViewController.xib; sourceTree = "<group>"; };
		D5C434F619BA054D009ED2A6 /* icon-browse-gallery@2x.png */ = {isa = PBXFileReference; lastKnownFileType = image.png; path = "icon-browse-gallery@2x.png"; sourceTree = "<group>"; };
		D5C434F719BA054D009ED2A6 /* icon-take-picture@2x.png */ = {isa = PBXFileReference; lastKnownFileType = image.png; path = "icon-take-picture@2x.png"; sourceTree = "<group>"; };
		D5C434FB19BA0D27009ED2A6 /* SimplzActionSheet.h */ = {isa = PBXFileReference; fileEncoding = 4; lastKnownFileType = sourcecode.c.h; path = SimplzActionSheet.h; sourceTree = "<group>"; };
		D5C434FC19BA0D27009ED2A6 /* SimplzActionSheet.m */ = {isa = PBXFileReference; fileEncoding = 4; lastKnownFileType = sourcecode.c.objc; path = SimplzActionSheet.m; sourceTree = "<group>"; };
		D5C434FF19BA0D51009ED2A6 /* SampleViewController.h */ = {isa = PBXFileReference; fileEncoding = 4; lastKnownFileType = sourcecode.c.h; path = SampleViewController.h; sourceTree = "<group>"; };
		D5C4350019BA0D51009ED2A6 /* SampleViewController.m */ = {isa = PBXFileReference; fileEncoding = 4; lastKnownFileType = sourcecode.c.objc; path = SampleViewController.m; sourceTree = "<group>"; };
/* End PBXFileReference section */

/* Begin PBXFrameworksBuildPhase section */
		D53407BF19B9DBA100639D9F /* Frameworks */ = {
			isa = PBXFrameworksBuildPhase;
			buildActionMask = 2147483647;
			files = (
				D53407C819B9DBA100639D9F /* CoreGraphics.framework in Frameworks */,
				D53407CA19B9DBA100639D9F /* UIKit.framework in Frameworks */,
				D53407C619B9DBA100639D9F /* Foundation.framework in Frameworks */,
			);
			runOnlyForDeploymentPostprocessing = 0;
		};
		D53407DA19B9DBA100639D9F /* Frameworks */ = {
			isa = PBXFrameworksBuildPhase;
			buildActionMask = 2147483647;
			files = (
				D53407DF19B9DBA100639D9F /* XCTest.framework in Frameworks */,
				D53407E119B9DBA100639D9F /* UIKit.framework in Frameworks */,
				D53407E019B9DBA100639D9F /* Foundation.framework in Frameworks */,
			);
			runOnlyForDeploymentPostprocessing = 0;
		};
/* End PBXFrameworksBuildPhase section */

/* Begin PBXGroup section */
		D53407B919B9DBA100639D9F = {
			isa = PBXGroup;
			children = (
				D53407CB19B9DBA100639D9F /* SimplzActionSheet */,
				D53407E419B9DBA100639D9F /* SimplzActionSheetTests */,
				D53407C419B9DBA100639D9F /* Frameworks */,
				D53407C319B9DBA100639D9F /* Products */,
			);
			sourceTree = "<group>";
		};
		D53407C319B9DBA100639D9F /* Products */ = {
			isa = PBXGroup;
			children = (
				D53407C219B9DBA100639D9F /* SimplzActionSheet.app */,
				D53407DD19B9DBA100639D9F /* SimplzActionSheetTests.xctest */,
			);
			name = Products;
			sourceTree = "<group>";
		};
		D53407C419B9DBA100639D9F /* Frameworks */ = {
			isa = PBXGroup;
			children = (
				D53407C519B9DBA100639D9F /* Foundation.framework */,
				D53407C719B9DBA100639D9F /* CoreGraphics.framework */,
				D53407C919B9DBA100639D9F /* UIKit.framework */,
				D53407DE19B9DBA100639D9F /* XCTest.framework */,
			);
			name = Frameworks;
			sourceTree = "<group>";
		};
		D53407CB19B9DBA100639D9F /* SimplzActionSheet */ = {
			isa = PBXGroup;
			children = (
				D53407D419B9DBA100639D9F /* AppDelegate.h */,
				D53407D519B9DBA100639D9F /* AppDelegate.m */,
				D53407D719B9DBA100639D9F /* Images.xcassets */,
				D5C434FE19BA0D51009ED2A6 /* sample */,
				D53407CC19B9DBA100639D9F /* Supporting Files */,
				D5C434F519BA054D009ED2A6 /* assets */,
				D5C434FA19BA0D27009ED2A6 /* libraries */,
			);
			path = SimplzActionSheet;
			sourceTree = "<group>";
		};
		D53407CC19B9DBA100639D9F /* Supporting Files */ = {
			isa = PBXGroup;
			children = (
				D53407CD19B9DBA100639D9F /* SimplzActionSheet-Info.plist */,
				D53407CE19B9DBA100639D9F /* InfoPlist.strings */,
				D53407D119B9DBA100639D9F /* main.m */,
				D53407D319B9DBA100639D9F /* SimplzActionSheet-Prefix.pch */,
			);
			name = "Supporting Files";
			sourceTree = "<group>";
		};
		D53407E419B9DBA100639D9F /* SimplzActionSheetTests */ = {
			isa = PBXGroup;
			children = (
				D53407EA19B9DBA100639D9F /* SimplzActionSheetTests.m */,
				D53407E519B9DBA100639D9F /* Supporting Files */,
			);
			path = SimplzActionSheetTests;
			sourceTree = "<group>";
		};
		D53407E519B9DBA100639D9F /* Supporting Files */ = {
			isa = PBXGroup;
			children = (
				D53407E619B9DBA100639D9F /* SimplzActionSheetTests-Info.plist */,
				D53407E719B9DBA100639D9F /* InfoPlist.strings */,
			);
			name = "Supporting Files";
			sourceTree = "<group>";
		};
		D5C434F519BA054D009ED2A6 /* assets */ = {
			isa = PBXGroup;
			children = (
				D5C434F619BA054D009ED2A6 /* icon-browse-gallery@2x.png */,
				D5C434F719BA054D009ED2A6 /* icon-take-picture@2x.png */,
			);
			path = assets;
			sourceTree = "<group>";
		};
		D5C434FA19BA0D27009ED2A6 /* libraries */ = {
			isa = PBXGroup;
			children = (
				D5C434FB19BA0D27009ED2A6 /* SimplzActionSheet.h */,
				D5C434FC19BA0D27009ED2A6 /* SimplzActionSheet.m */,
			);
			path = libraries;
			sourceTree = "<group>";
		};
		D5C434FE19BA0D51009ED2A6 /* sample */ = {
			isa = PBXGroup;
			children = (
				D5C434FF19BA0D51009ED2A6 /* SampleViewController.h */,
				D5C4350019BA0D51009ED2A6 /* SampleViewController.m */,
				D53407F919B9DC0A00639D9F /* SampleViewController.xib */,
			);
			path = sample;
			sourceTree = "<group>";
		};
/* End PBXGroup section */

/* Begin PBXNativeTarget section */
		D53407C119B9DBA100639D9F /* SimplzActionSheet */ = {
			isa = PBXNativeTarget;
			buildConfigurationList = D53407EE19B9DBA100639D9F /* Build configuration list for PBXNativeTarget "SimplzActionSheet" */;
			buildPhases = (
				D53407BE19B9DBA100639D9F /* Sources */,
				D53407BF19B9DBA100639D9F /* Frameworks */,
				D53407C019B9DBA100639D9F /* Resources */,
			);
			buildRules = (
			);
			dependencies = (
			);
			name = SimplzActionSheet;
			productName = SimplzActionSheet;
			productReference = D53407C219B9DBA100639D9F /* SimplzActionSheet.app */;
			productType = "com.apple.product-type.application";
		};
		D53407DC19B9DBA100639D9F /* SimplzActionSheetTests */ = {
			isa = PBXNativeTarget;
			buildConfigurationList = D53407F119B9DBA100639D9F /* Build configuration list for PBXNativeTarget "SimplzActionSheetTests" */;
			buildPhases = (
				D53407D919B9DBA100639D9F /* Sources */,
				D53407DA19B9DBA100639D9F /* Frameworks */,
				D53407DB19B9DBA100639D9F /* Resources */,
			);
			buildRules = (
			);
			dependencies = (
				D53407E319B9DBA100639D9F /* PBXTargetDependency */,
			);
			name = SimplzActionSheetTests;
			productName = SimplzActionSheetTests;
			productReference = D53407DD19B9DBA100639D9F /* SimplzActionSheetTests.xctest */;
			productType = "com.apple.product-type.bundle.unit-test";
		};
/* End PBXNativeTarget section */

/* Begin PBXProject section */
		D53407BA19B9DBA100639D9F /* Project object */ = {
			isa = PBXProject;
			attributes = {
				LastUpgradeCheck = 0510;
				ORGANIZATIONNAME = aizcheryz;
				TargetAttributes = {
					D53407DC19B9DBA100639D9F = {
						TestTargetID = D53407C119B9DBA100639D9F;
					};
				};
			};
			buildConfigurationList = D53407BD19B9DBA100639D9F /* Build configuration list for PBXProject "SimplzActionSheet" */;
			compatibilityVersion = "Xcode 3.2";
			developmentRegion = English;
			hasScannedForEncodings = 0;
			knownRegions = (
				en,
			);
			mainGroup = D53407B919B9DBA100639D9F;
			productRefGroup = D53407C319B9DBA100639D9F /* Products */;
			projectDirPath = "";
			projectRoot = "";
			targets = (
				D53407C119B9DBA100639D9F /* SimplzActionSheet */,
				D53407DC19B9DBA100639D9F /* SimplzActionSheetTests */,
			);
		};
/* End PBXProject section */

/* Begin PBXResourcesBuildPhase section */
		D53407C019B9DBA100639D9F /* Resources */ = {
			isa = PBXResourcesBuildPhase;
			buildActionMask = 2147483647;
			files = (
				D5C434F819BA054D009ED2A6 /* icon-browse-gallery@2x.png in Resources */,
				D53407D019B9DBA100639D9F /* InfoPlist.strings in Resources */,
				D53407FB19B9DC0A00639D9F /* SampleViewController.xib in Resources */,
				D53407D819B9DBA100639D9F /* Images.xcassets in Resources */,
				D5C434F919BA054D009ED2A6 /* icon-take-picture@2x.png in Resources */,
			);
			runOnlyForDeploymentPostprocessing = 0;
		};
		D53407DB19B9DBA100639D9F /* Resources */ = {
			isa = PBXResourcesBuildPhase;
			buildActionMask = 2147483647;
			files = (
				D53407E919B9DBA100639D9F /* InfoPlist.strings in Resources */,
			);
			runOnlyForDeploymentPostprocessing = 0;
		};
/* End PBXResourcesBuildPhase section */

/* Begin PBXSourcesBuildPhase section */
		D53407BE19B9DBA100639D9F /* Sources */ = {
			isa = PBXSourcesBuildPhase;
			buildActionMask = 2147483647;
			files = (
				D5C434FD19BA0D27009ED2A6 /* SimplzActionSheet.m in Sources */,
				D53407D619B9DBA100639D9F /* AppDelegate.m in Sources */,
				D5C4350119BA0D51009ED2A6 /* SampleViewController.m in Sources */,
				D53407D219B9DBA100639D9F /* main.m in Sources */,
			);
			runOnlyForDeploymentPostprocessing = 0;
		};
		D53407D919B9DBA100639D9F /* Sources */ = {
			isa = PBXSourcesBuildPhase;
			buildActionMask = 2147483647;
			files = (
				D53407EB19B9DBA100639D9F /* SimplzActionSheetTests.m in Sources */,
			);
			runOnlyForDeploymentPostprocessing = 0;
		};
/* End PBXSourcesBuildPhase section */

/* Begin PBXTargetDependency section */
		D53407E319B9DBA100639D9F /* PBXTargetDependency */ = {
			isa = PBXTargetDependency;
			target = D53407C119B9DBA100639D9F /* SimplzActionSheet */;
			targetProxy = D53407E219B9DBA100639D9F /* PBXContainerItemProxy */;
		};
/* End PBXTargetDependency section */

/* Begin PBXVariantGroup section */
		D53407CE19B9DBA100639D9F /* InfoPlist.strings */ = {
			isa = PBXVariantGroup;
			children = (
				D53407CF19B9DBA100639D9F /* en */,
			);
			name = InfoPlist.strings;
			sourceTree = "<group>";
		};
		D53407E719B9DBA100639D9F /* InfoPlist.strings */ = {
			isa = PBXVariantGroup;
			children = (
				D53407E819B9DBA100639D9F /* en */,
			);
			name = InfoPlist.strings;
			sourceTree = "<group>";
		};
/* End PBXVariantGroup section */

/* Begin XCBuildConfiguration section */
		D53407EC19B9DBA100639D9F /* Debug */ = {
			isa = XCBuildConfiguration;
			buildSettings = {
				ALWAYS_SEARCH_USER_PATHS = NO;
				CLANG_CXX_LANGUAGE_STANDARD = "gnu++0x";
				CLANG_CXX_LIBRARY = "libc++";
				CLANG_ENABLE_MODULES = YES;
				CLANG_ENABLE_OBJC_ARC = YES;
				CLANG_WARN_BOOL_CONVERSION = YES;
				CLANG_WARN_CONSTANT_CONVERSION = YES;
				CLANG_WARN_DIRECT_OBJC_ISA_USAGE = YES_ERROR;
				CLANG_WARN_EMPTY_BODY = YES;
				CLANG_WARN_ENUM_CONVERSION = YES;
				CLANG_WARN_INT_CONVERSION = YES;
				CLANG_WARN_OBJC_ROOT_CLASS = YES_ERROR;
				CLANG_WARN__DUPLICATE_METHOD_MATCH = YES;
				"CODE_SIGN_IDENTITY[sdk=iphoneos*]" = "iPhone Developer";
				COPY_PHASE_STRIP = NO;
				GCC_C_LANGUAGE_STANDARD = gnu99;
				GCC_DYNAMIC_NO_PIC = NO;
				GCC_OPTIMIZATION_LEVEL = 0;
				GCC_PREPROCESSOR_DEFINITIONS = (
					"DEBUG=1",
					"$(inherited)",
				);
				GCC_SYMBOLS_PRIVATE_EXTERN = NO;
				GCC_WARN_64_TO_32_BIT_CONVERSION = YES;
				GCC_WARN_ABOUT_RETURN_TYPE = YES_ERROR;
				GCC_WARN_UNDECLARED_SELECTOR = YES;
				GCC_WARN_UNINITIALIZED_AUTOS = YES_AGGRESSIVE;
				GCC_WARN_UNUSED_FUNCTION = YES;
				GCC_WARN_UNUSED_VARIABLE = YES;
				IPHONEOS_DEPLOYMENT_TARGET = 7.1;
				ONLY_ACTIVE_ARCH = YES;
				SDKROOT = iphoneos;
				TARGETED_DEVICE_FAMILY = "1,2";
			};
			name = Debug;
		};
		D53407ED19B9DBA100639D9F /* Release */ = {
			isa = XCBuildConfiguration;
			buildSettings = {
				ALWAYS_SEARCH_USER_PATHS = NO;
				CLANG_CXX_LANGUAGE_STANDARD = "gnu++0x";
				CLANG_CXX_LIBRARY = "libc++";
				CLANG_ENABLE_MODULES = YES;
				CLANG_ENABLE_OBJC_ARC = YES;
				CLANG_WARN_BOOL_CONVERSION = YES;
				CLANG_WARN_CONSTANT_CONVERSION = YES;
				CLANG_WARN_DIRECT_OBJC_ISA_USAGE = YES_ERROR;
				CLANG_WARN_EMPTY_BODY = YES;
				CLANG_WARN_ENUM_CONVERSION = YES;
				CLANG_WARN_INT_CONVERSION = YES;
				CLANG_WARN_OBJC_ROOT_CLASS = YES_ERROR;
				CLANG_WARN__DUPLICATE_METHOD_MATCH = YES;
				"CODE_SIGN_IDENTITY[sdk=iphoneos*]" = "iPhone Developer";
				COPY_PHASE_STRIP = YES;
				ENABLE_NS_ASSERTIONS = NO;
				GCC_C_LANGUAGE_STANDARD = gnu99;
				GCC_WARN_64_TO_32_BIT_CONVERSION = YES;
				GCC_WARN_ABOUT_RETURN_TYPE = YES_ERROR;
				GCC_WARN_UNDECLARED_SELECTOR = YES;
				GCC_WARN_UNINITIALIZED_AUTOS = YES_AGGRESSIVE;
				GCC_WARN_UNUSED_FUNCTION = YES;
				GCC_WARN_UNUSED_VARIABLE = YES;
				IPHONEOS_DEPLOYMENT_TARGET = 7.1;
				SDKROOT = iphoneos;
				TARGETED_DEVICE_FAMILY = "1,2";
				VALIDATE_PRODUCT = YES;
			};
			name = Release;
		};
		D53407EF19B9DBA100639D9F /* Debug */ = {
			isa = XCBuildConfiguration;
			buildSettings = {
				ASSETCATALOG_COMPILER_APPICON_NAME = AppIcon;
				ASSETCATALOG_COMPILER_LAUNCHIMAGE_NAME = LaunchImage;
				GCC_PRECOMPILE_PREFIX_HEADER = YES;
				GCC_PREFIX_HEADER = "SimplzActionSheet/SimplzActionSheet-Prefix.pch";
				INFOPLIST_FILE = "SimplzActionSheet/SimplzActionSheet-Info.plist";
				PRODUCT_NAME = "$(TARGET_NAME)";
				WRAPPER_EXTENSION = app;
			};
			name = Debug;
		};
		D53407F019B9DBA100639D9F /* Release */ = {
			isa = XCBuildConfiguration;
			buildSettings = {
				ASSETCATALOG_COMPILER_APPICON_NAME = AppIcon;
				ASSETCATALOG_COMPILER_LAUNCHIMAGE_NAME = LaunchImage;
				GCC_PRECOMPILE_PREFIX_HEADER = YES;
				GCC_PREFIX_HEADER = "SimplzActionSheet/SimplzActionSheet-Prefix.pch";
				INFOPLIST_FILE = "SimplzActionSheet/SimplzActionSheet-Info.plist";
				PRODUCT_NAME = "$(TARGET_NAME)";
				WRAPPER_EXTENSION = app;
			};
			name = Release;
		};
		D53407F219B9DBA100639D9F /* Debug */ = {
			isa = XCBuildConfiguration;
			buildSettings = {
				BUNDLE_LOADER = "$(BUILT_PRODUCTS_DIR)/SimplzActionSheet.app/SimplzActionSheet";
				FRAMEWORK_SEARCH_PATHS = (
					"$(SDKROOT)/Developer/Library/Frameworks",
					"$(inherited)",
					"$(DEVELOPER_FRAMEWORKS_DIR)",
				);
				GCC_PRECOMPILE_PREFIX_HEADER = YES;
				GCC_PREFIX_HEADER = "SimplzActionSheet/SimplzActionSheet-Prefix.pch";
				GCC_PREPROCESSOR_DEFINITIONS = (
					"DEBUG=1",
					"$(inherited)",
				);
				INFOPLIST_FILE = "SimplzActionSheetTests/SimplzActionSheetTests-Info.plist";
				PRODUCT_NAME = "$(TARGET_NAME)";
				TEST_HOST = "$(BUNDLE_LOADER)";
				WRAPPER_EXTENSION = xctest;
			};
			name = Debug;
		};
		D53407F319B9DBA100639D9F /* Release */ = {
			isa = XCBuildConfiguration;
			buildSettings = {
				BUNDLE_LOADER = "$(BUILT_PRODUCTS_DIR)/SimplzActionSheet.app/SimplzActionSheet";
				FRAMEWORK_SEARCH_PATHS = (
					"$(SDKROOT)/Developer/Library/Frameworks",
					"$(inherited)",
					"$(DEVELOPER_FRAMEWORKS_DIR)",
				);
				GCC_PRECOMPILE_PREFIX_HEADER = YES;
				GCC_PREFIX_HEADER = "SimplzActionSheet/SimplzActionSheet-Prefix.pch";
				INFOPLIST_FILE = "SimplzActionSheetTests/SimplzActionSheetTests-Info.plist";
				PRODUCT_NAME = "$(TARGET_NAME)";
				TEST_HOST = "$(BUNDLE_LOADER)";
				WRAPPER_EXTENSION = xctest;
			};
			name = Release;
		};
/* End XCBuildConfiguration section */

/* Begin XCConfigurationList section */
		D53407BD19B9DBA100639D9F /* Build configuration list for PBXProject "SimplzActionSheet" */ = {
			isa = XCConfigurationList;
			buildConfigurations = (
				D53407EC19B9DBA100639D9F /* Debug */,
				D53407ED19B9DBA100639D9F /* Release */,
			);
			defaultConfigurationIsVisible = 0;
			defaultConfigurationName = Release;
		};
		D53407EE19B9DBA100639D9F /* Build configuration list for PBXNativeTarget "SimplzActionSheet" */ = {
			isa = XCConfigurationList;
			buildConfigurations = (
				D53407EF19B9DBA100639D9F /* Debug */,
				D53407F019B9DBA100639D9F /* Release */,
			);
			defaultConfigurationIsVisible = 0;
			defaultConfigurationName = Release;
		};
		D53407F119B9DBA100639D9F /* Build configuration list for PBXNativeTarget "SimplzActionSheetTests" */ = {
			isa = XCConfigurationList;
			buildConfigurations = (
				D53407F219B9DBA100639D9F /* Debug */,
				D53407F319B9DBA100639D9F /* Release */,
			);
			defaultConfigurationIsVisible = 0;
			defaultConfigurationName = Release;
		};
/* End XCConfigurationList section */
	};
	rootObject = D53407BA19B9DBA100639D9F /* Project object */;
}
